{
  "nodes": {
    "bun2nix": {
      "inputs": {
        "flake-parts": [
          "llm-agents",
          "flake-parts"
        ],
        "nixpkgs": [
          "llm-agents",
          "nixpkgs"
        ],
        "systems": [
          "llm-agents",
          "systems"
        ],
        "treefmt-nix": [
          "llm-agents",
          "treefmt-nix"
        ]
      },
      "locked": {
        "lastModified": 1784665499,
        "narHash": "sha256-9BMxlTxCCDAeoNLtb1a/st7udtTIJep+wpUzquA29VU=",
        "owner": "nix-community",
        "repo": "bun2nix",
        "rev": "0f2a1f0b6f42cebe3b149bf62d38754c5e0e9729",
        "type": "github"
      },
      "original": {
        "owner": "nix-community",
        "repo": "bun2nix",
        "type": "github"
      }
    },
    "flake-parts": {
      "inputs": {
        "nixpkgs-lib": [
          "llm-agents",
          "nixpkgs"
        ]
      },
      "locked": {
        "lastModified": 1785627969,
        "narHash": "sha256-4dtXQk/NMePegK/nWp5NSeuZKLATItOq61lpEvmXqGw=",
        "owner": "hercules-ci",
        "repo": "flake-parts",
        "rev": "427bf4bd9435fdf21321c8cc628c24efc14c0f7a",
        "type": "github"
      },
      "original": {
        "owner": "hercules-ci",
        "repo": "flake-parts",
        "type": "github"
      }
    },
    "llm-agents": {
      "inputs": {
        "bun2nix": "bun2nix",
        "flake-parts": "flake-parts",
        "nixpkgs": "nixpkgs",
        "systems": "systems",
        "treefmt-nix": "treefmt-nix"
      },
      "locked": {
        "lastModified": 1786773797,
        "narHash": "sha256-PCWimmaAPzsjCMcruup2A047brH+on+ZFjg358qvn9o=",
        "owner": "numtide",
        "repo": "llm-agents.nix",
        "rev": "b4a645976fff76ef94dd60b7d4f9deaa216f40bd",
        "type": "github"
      },
      "original": {
        "owner": "numtide",
        "repo": "llm-agents.nix",
        "type": "github"
      }
    },
    "microsandbox-flake": {
      "inputs": {
        "nixpkgs": [
          "nixpkgs"
        ],
        "src": "src"
      },
      "locked": {
        "lastModified": 1782482260,
        "narHash": "sha256-Zm6cqFILEOw7+04ykwDtOpIuswPyKwzdbDv5F5Tcqew=",
        "owner": "kasuboski",
        "repo": "microsandbox-flake",
        "rev": "ed885c0caf711c5c739cd2cb3d83af9b9400ebf1",
        "type": "github"
      },
      "original": {
        "owner": "kasuboski",
        "repo": "microsandbox-flake",
        "type": "github"
      }
    },
    "nixpkgs": {
      "locked": {
        "lastModified": 1786593342,
        "narHash": "sha256-smTKQXMLLStzc8zJevMCckbk3My7SvbbLmPYZUJJKW4=",
        "owner": "NixOS",
        "repo": "nixpkgs",
        "rev": "6b5e5b7a6631f065bf6908986990b37d845f847f",
        "type": "github"
      },
      "original": {
        "owner": "NixOS",
        "ref": "nixpkgs-unstable",
        "repo": "nixpkgs",
        "type": "github"
      }
    },
    "nixpkgs_2": {
      "locked": {
        "lastModified": 1782175435,
        "narHash": "sha256-EMzXKmnOtBQ2MnvpiNOm7E+kOMvdPrIKaeg52Tip2Uk=",
        "owner": "NixOS",
        "repo": "nixpkgs",
        "rev": "89570f24e97e614aa34aa9ab1c927b6578a43775",
        "type": "github"
      },
      "original": {
        "owner": "NixOS",
        "ref": "nixpkgs-unstable",
        "repo": "nixpkgs",
        "type": "github"
      }
    },
    "pi-extensions": {
      "flake": false,
      "locked": {
        "lastModified": 1786629315,
        "narHash": "sha256-r5Rbruo0Ozlk3Un9BlS/1L6RPN1UmY8YW6Nueu/hli4=",
        "owner": "kasuboski",
        "repo": "pi-extensions",
        "rev": "eb780065745040024da4d1cb24a1b700ebed4b25",
        "type": "github"
      },
      "original": {
        "owner": "kasuboski",
        "repo": "pi-extensions",
        "type": "github"
      }
    },
    "root": {
      "inputs": {
        "llm-agents": "llm-agents",
        "microsandbox-flake": "microsandbox-flake",
        "nixpkgs": "nixpkgs_2",
        "pi-extensions": "pi-extensions",
        "systems": "systems_2"
      }
    },
    "src": {
      "flake": false,
      "locked": {
        "lastModified": 1778708979,
        "narHash": "sha256-Shc9HBiV/W4Gp1x8y5sPTdcYI6gVaQwM4iuzAsxtLvk=",
        "owner": "superradcompany",
        "repo": "microsandbox",
        "rev": "8263a391ad4d664a21c1921c0edeb1dbeb68332e",
        "type": "github"
      },
      "original": {
        "owner": "superradcompany",
        "ref": "v0.4.6",
        "repo": "microsandbox",
        "type": "github"
      }
    },
    "systems": {
      "locked": {
        "lastModified": 1681028828,
        "narHash": "sha256-Vy1rq5AaRuLzOxct8nz4T6wlgyUR7zLU309k9mBC768=",
        "owner": "nix-systems",
        "repo": "default",
        "rev": "da67096a3b9bf56a91d16901293e51ba5b49a27e",
        "type": "github"
      },
      "original": {
        "owner": "nix-systems",
        "repo": "default",
        "type": "github"
      }
    },
    "systems_2": {
      "locked": {
        "lastModified": 1681028828,
        "narHash": "sha256-Vy1rq5AaRuLzOxct8nz4T6wlgyUR7zLU309k9mBC768=",
        "owner": "nix-systems",
        "repo": "default",
        "rev": "da67096a3b9bf56a91d16901293e51ba5b49a27e",
        "type": "github"
      },
      "original": {
        "owner": "nix-systems",
        "repo": "default",
        "type": "github"
      }
    },
    "treefmt-nix": {
      "inputs": {
        "nixpkgs": [
          "llm-agents",
          "nixpkgs"
        ]
      },
      "locked": {
        "lastModified": 1785945821,
        "narHash": "sha256-NLSyTCW4K4ofhNBllt3omPasm6QpralXH1DBZOc91Dw=",
        "owner": "numtide",
        "repo": "treefmt-nix",
        "rev": "ae7910970dddc408fe6ab1c8e4b277bb21d72dc0",
        "type": "github"
      },
      "original": {
        "owner": "numtide",
        "repo": "treefmt-nix",
        "type": "github"
      }
    }
  },
  "root": "root",
  "version": 7
}
